# This file is automatically @generated by Cargo.
# It is not intended for manual editing.
version = 4

[[package]]
name = "acp"
version = "0.1.0"

[[package]]
name = "agent-pool"
version = "0.1.0"

[[package]]
name = "agent-runtime"
version = "0.1.0"

[[package]]
name = "anyhow"
version = "1.0.104"
source = "registry+https://github.com/rust-lang/crates.io-index"
checksum = "330a5ed07fa54e4702c9d6c4174f74427fc0ef6e214bbd677ae50a5099946470"

[[package]]
name = "auth"
version = "0.1.0"

[[package]]
name = "capability-broker"
version = "0.1.0"

[[package]]
name = "computer-use"
version = "0.1.0"

[[package]]
name = "context-engine"
version = "0.1.0"

[[package]]
name = "event-ledger"
version = "0.1.0"

[[package]]
name = "handoff"
version = "0.1.0"

[[package]]
name = "harness"
version = "0.1.0"

[[package]]
name = "insights"
version = "0.1.0"

[[package]]
name = "kernel"
version = "0.1.0"

[[package]]
name = "knowledge"
version = "0.1.0"

[[package]]
name = "llm-router"
version = "0.1.0"

[[package]]
name = "mcp"
version = "0.1.0"

[[package]]
name = "mobile-sim"
version = "0.1.0"

[[package]]
name = "playbooks"
version = "0.1.0"

[[package]]
name = "plugin-host"
version = "0.1.0"

[[package]]
name = "process-supervisor"
version = "0.1.0"

[[package]]
name = "protocol"
version = "0.1.0"

[[package]]
name = "rapid"
version = "0.1.0"
dependencies = [
 "anyhow",
]

[[package]]
name = "sandbox"
version = "0.1.0"

[[package]]
name = "scheduler"
version = "0.1.0"

[[package]]
name = "security"
version = "0.1.0"

[[package]]
name = "telemetry"
version = "0.1.0"

[[package]]
name = "tool-gateway"
version = "0.1.0"

[[package]]
name = "trajectory"
version = "0.1.0"

[[package]]
name = "tui"
version = "0.1.0"

[[package]]
name = "vcs"
version = "0.1.0"

[[package]]
name = "workspace"
version = "0.1.0"
